
Microsoft Visual Studio Solution File, Format Version 12.00
# Visual Studio Version 16
VisualStudioVersion = 16.0.30309.148
MinimumVisualStudioVersion = 10.0.40219.1
Project("{FAE04EC0-301F-11D3-BF4B-00C04F79EFBC}") = "ContractModule1", "ContractModule1\ContractModule1.csproj", "{FA5CA5D6-4E93-4213-AA54-BB8045EC1580}"
EndProject
Global
	GlobalSection(SolutionConfigurationPlatforms) = preSolution
		Debug|Any CPU = Debug|Any CPU
		Release|Any CPU = Release|Any CPU
	EndGlobalSection
	GlobalSection(ProjectConfigurationPlatforms) = postSolution
		{FA5CA5D6-4E93-4213-AA54-BB8045EC1580}.Debug|Any CPU.ActiveCfg = Debug|Any CPU
		{FA5CA5D6-4E93-4213-AA54-BB8045EC1580}.Debug|Any CPU.Build.0 = Debug|Any CPU
		{FA5CA5D6-4E93-4213-AA54-BB8045EC1580}.Release|Any CPU.ActiveCfg = Release|Any CPU
		{FA5CA5D6-4E93-4213-AA54-BB8045EC1580}.Release|Any CPU.Build.0 = Release|Any CPU
	EndGlobalSection
	GlobalSection(SolutionProperties) = preSolution
		HideSolutionNode = FALSE
	EndGlobalSection
	GlobalSection(ExtensibilityGlobals) = postSolution
		SolutionGuid = {01F65580-98F7-40B0-B577-D946FA64F389}
	EndGlobalSection
EndGlobal
